
Microsoft Visual Studio Solution File, Format Version 12.00
# Visual Studio Version 17
VisualStudioVersion = 17.5.33627.172
MinimumVisualStudioVersion = 10.0.40219.1
Project("{FAE04EC0-301F-11D3-BF4B-00C04F79EFBC}") = "Deepser Desktop", "Deepser Desktop\Deepser Desktop.csproj", "{58464128-D2B7-4AA9-8C15-CEA1F8C5FB0C}"
EndProject
Global
	GlobalSection(SolutionConfigurationPlatforms) = preSolution
		Debug|Any CPU = Debug|Any CPU
		Release|Any CPU = Release|Any CPU
	EndGlobalSection
	GlobalSection(ProjectConfigurationPlatforms) = postSolution
		{58464128-D2B7-4AA9-8C15-CEA1F8C5FB0C}.Debug|Any CPU.ActiveCfg = Debug|Any CPU
		{58464128-D2B7-4AA9-8C15-CEA1F8C5FB0C}.Debug|Any CPU.Build.0 = Debug|Any CPU
		{58464128-D2B7-4AA9-8C15-CEA1F8C5FB0C}.Release|Any CPU.ActiveCfg = Release|Any CPU
		{58464128-D2B7-4AA9-8C15-CEA1F8C5FB0C}.Release|Any CPU.Build.0 = Release|Any CPU
	EndGlobalSection
	GlobalSection(SolutionProperties) = preSolution
		HideSolutionNode = FALSE
	EndGlobalSection
	GlobalSection(ExtensibilityGlobals) = postSolution
		SolutionGuid = {76F8FA05-3D86-463D-92B2-C213AE7A3135}
	EndGlobalSection
EndGlobal
